
Microsoft Visual Studio Solution File, Format Version 12.00
# Visual Studio Version 16
VisualStudioVersion = 16.0.32126.315
MinimumVisualStudioVersion = 10.0.40219.1
Project("{FAE04EC0-301F-11D3-BF4B-00C04F79EFBC}") = "CHETU_INDIA_APP", "CHETU_INDIA_APP\CHETU_INDIA_APP.csproj", "{A7F21AAD-C857-494A-A9AA-B3F9346C4020}"
EndProject
Global
	GlobalSection(SolutionConfigurationPlatforms) = preSolution
		Debug|Any CPU = Debug|Any CPU
		Release|Any CPU = Release|Any CPU
	EndGlobalSection
	GlobalSection(ProjectConfigurationPlatforms) = postSolution
		{A7F21AAD-C857-494A-A9AA-B3F9346C4020}.Debug|Any CPU.ActiveCfg = Debug|Any CPU
		{A7F21AAD-C857-494A-A9AA-B3F9346C4020}.Debug|Any CPU.Build.0 = Debug|Any CPU
		{A7F21AAD-C857-494A-A9AA-B3F9346C4020}.Release|Any CPU.ActiveCfg = Release|Any CPU
		{A7F21AAD-C857-494A-A9AA-B3F9346C4020}.Release|Any CPU.Build.0 = Release|Any CPU
	EndGlobalSection
	GlobalSection(SolutionProperties) = preSolution
		HideSolutionNode = FALSE
	EndGlobalSection
	GlobalSection(ExtensibilityGlobals) = postSolution
		SolutionGuid = {88C84840-C82B-4113-A48F-30C39CE259FB}
	EndGlobalSection
EndGlobal
